lockfileVersion: '9.0'

settings:
  autoInstallPeers: true
  excludeLinksFromLockfile: false

importers:

  .:
    dependencies:
      '@base-ui/react':
        specifier: ^1.8.0
        version: 1.8.0(@types/react@19.3.0)(react-dom@19.2.8(react@19.2.8))(react@19.2.8)
      '@canton-names/resolver':
        specifier: workspace:*
        version: link:packages/resolver
      '@tanstack/react-query':
        specifier: ^5.62.0
        version: 5.103.1(react@19.2.8)
      class-variance-authority:
        specifier: ^0.7.1
        version: 0.7.1
      clsx:
        specifier: ^2.1.1
        version: 2.1.1
      cn:
        specifier: ^0.3.0
        version: 0.3.0
      lucide-react:
        specifier: ^0.469.0
        version: 0.469.0(react@19.2.8)
      next:
        specifier: 16.3.5
        version: 16.3.5(@babel/core@7.29.7)(@types/node@20.19.43)(react-dom@19.2.8(react@19.2.8))(react@19.2.8)
      qrcode.react:
        specifier: ^4.2.0
        version: 4.2.0(react@19.2.8)
      react:
        specifier: 19.2.8
        version: 19.2.8
      react-dom:
        specifier: 19.2.8
        version: 19.2.8(react@19.2.8)
      shadcn:
        specifier: ^4.21.0
        version: 4.21.0(typescript@5.9.3)
      tailwind-merge:
        specifier: ^2.6.0
        version: 2.6.1
      tw-animate-css:
        specifier: ^1.4.0
        version: 1.4.0
      zod:
        specifier: ^3.23.8
        version: 3.25.76
    devDependencies:
      '@tailwindcss/postcss':
        specifier: ^4
        version: 4.3.3
      '@testing-library/dom':
        specifier: ^10.4.0
        version: 10.4.2
      '@testing-library/react':
        specifier: ^16.0.0
        version: 16.3.3(@testing-library/dom@10.4.2)(@types/react-dom@19.3.0(@types/react@19.3.0))(@types/react@19.3.0)(react-dom@19.2.8(react@19.2.8))(react@19.2.8)
      '@types/node':
        specifier: ^20
        version: 20.19.43
      '@types/react':
        specifier: ^19
        version: 19.3.0
      '@types/react-dom':
        specifier: ^19
        version: 19.3.0(@types/react@19.3.0)
      eslint:
        specifier: ^9
        version: 9.39.5(jiti@2.7.0)
      eslint-config-next:
        specifier: 16.3.5
        version: 16.3.5(@typescript-eslint/parser@8.70.0(eslint@9.39.5(jiti@2.7.0))(typescript@5.9.3))(eslint@9.39.5(jiti@2.7.0))(typescript@5.9.3)
      playwright:
        specifier: ^1.63.0
        version: 1.63.0
      tailwindcss:
        specifier: ^4
        version: 4.3.3
      typescript:
        specifier: ^5
        version: 5.9.3
      vitest:
        specifier: ^2.1.0
        version: 2.1.9(@types/node@20.19.43)(lightningcss@1.32.0)

  packages/resolver:
    dependencies:
      react:
        specifier: ^18.0.0 || ^19.0.0
        version: 19.2.8
      react-dom:
        specifier: ^18.0.0 || ^19.0.0
        version: 19.2.8(react@19.2.8)
      zod:
        specifier: ^3.23.8
        version: 3.25.76
    devDependencies:
      tsup:
        specifier: ^8.5.0
        version: 8.5.1(jiti@2.7.0)(postcss@8.5.28)(typescript@5.9.3)
      typescript:
        specifier: ^5
        version: 5.9.3
      vitest:
        specifier: ^2.1.0
        version: 2.1.9(@types/node@20.19.43)(lightningcss@1.32.0)

packages:

  '@alloc/quick-lru@5.3.0':
    resolution: {integrity: sha512-U4+70Pc5ZS9osnCBCE5Jha/ciHM+Yp+CNMNC/7HvYbNRk1Ldd+f7qO65W5qfhu/TCv+/ozljlXXe9Nj8419DMA==}
    engines: {node: '>=10'}

  '@babel/code-frame@7.29.7':
    resolution: {integrity: sha512-Aup7aUOfpbAUg2ROOJN6Iw5f9DMBlzu0mIkm/malLQFN/YQgO48wCj0Kxa3sEHJvPVFg7siR+qRInwXd2qhQKw==}
    engines: {node: '>=6.9.0'}
