lockfileVersion: '9.0'

settings:
  autoInstallPeers: true
  excludeLinksFromLockfile: false

importers:

  .:
    dependencies:
      '@canton-names/resolver':
        specifier: workspace:*
        version: link:packages/resolver
      '@radix-ui/react-accordion':
        specifier: ^1.2.2
        version: 1.2.2(@types/react-dom@19.0.2)(@types/react@19.0.2)(react-dom@19.0.0(react@19.0.0))(react@19.0.0)
